
Microsoft Visual Studio Solution File, Format Version 12.00
# Visual Studio Version 17
VisualStudioVersion = 17.5.33516.290
MinimumVisualStudioVersion = 10.0.40219.1
Project("{FAE04EC0-301F-11D3-BF4B-00C04F79EFBC}") = "ToDoReminder", "ToDoReminder\ToDoReminder.csproj", "{4C266C06-F2BF-4B17-9639-094D5881F08A}"
EndProject
Global
	GlobalSection(SolutionConfigurationPlatforms) = preSolution
		Debug|Any CPU = Debug|Any CPU
		Release|Any CPU = Release|Any CPU
	EndGlobalSection
	GlobalSection(ProjectConfigurationPlatforms) = postSolution
		{4C266C06-F2BF-4B17-9639-094D5881F08A}.Debug|Any CPU.ActiveCfg = Debug|Any CPU
		{4C266C06-F2BF-4B17-9639-094D5881F08A}.Debug|Any CPU.Build.0 = Debug|Any CPU
		{4C266C06-F2BF-4B17-9639-094D5881F08A}.Release|Any CPU.ActiveCfg = Release|Any CPU
		{4C266C06-F2BF-4B17-9639-094D5881F08A}.Release|Any CPU.Build.0 = Release|Any CPU
	EndGlobalSection
	GlobalSection(SolutionProperties) = preSolution
		HideSolutionNode = FALSE
	EndGlobalSection
	GlobalSection(ExtensibilityGlobals) = postSolution
		SolutionGuid = {7EB16516-573E-4582-BBED-6D239B16A913}
	EndGlobalSection
EndGlobal
