
Microsoft Visual Studio Solution File, Format Version 12.00
# Visual Studio Version 17
VisualStudioVersion = 17.5.33516.290
MinimumVisualStudioVersion = 10.0.40219.1
Project("{FAE04EC0-301F-11D3-BF4B-00C04F79EFBC}") = "CustomerRegistry", "CustomerRegistry\CustomerRegistry.csproj", "{CD5BD272-9B41-4A13-AE4C-51FC0D2C882F}"
EndProject
Global
	GlobalSection(SolutionConfigurationPlatforms) = preSolution
		Debug|Any CPU = Debug|Any CPU
		Release|Any CPU = Release|Any CPU
	EndGlobalSection
	GlobalSection(ProjectConfigurationPlatforms) = postSolution
		{CD5BD272-9B41-4A13-AE4C-51FC0D2C882F}.Debug|Any CPU.ActiveCfg = Debug|Any CPU
		{CD5BD272-9B41-4A13-AE4C-51FC0D2C882F}.Debug|Any CPU.Build.0 = Debug|Any CPU
		{CD5BD272-9B41-4A13-AE4C-51FC0D2C882F}.Release|Any CPU.ActiveCfg = Release|Any CPU
		{CD5BD272-9B41-4A13-AE4C-51FC0D2C882F}.Release|Any CPU.Build.0 = Release|Any CPU
	EndGlobalSection
	GlobalSection(SolutionProperties) = preSolution
		HideSolutionNode = FALSE
	EndGlobalSection
	GlobalSection(ExtensibilityGlobals) = postSolution
		SolutionGuid = {9724D287-E706-4CD8-8D61-F3FCA6FFC57E}
	EndGlobalSection
EndGlobal
